
Microsoft Visual Studio Solution File, Format Version 12.00
# Visual Studio 2012
Project("{FAE04EC0-301F-11D3-BF4B-00C04F79EFBC}") = "SimpleAspNetWebHost", "SimpleAspNetWebHost\SimpleAspNetWebHost.csproj", "{0BBFA493-BF4F-4DE8-82F2-14DFD602DDAD}"
EndProject
Global
	GlobalSection(SolutionConfigurationPlatforms) = preSolution
		Debug|Any CPU = Debug|Any CPU
		Release|Any CPU = Release|Any CPU
	EndGlobalSection
	GlobalSection(ProjectConfigurationPlatforms) = postSolution
		{0BBFA493-BF4F-4DE8-82F2-14DFD602DDAD}.Debug|Any CPU.ActiveCfg = Debug|Any CPU
		{0BBFA493-BF4F-4DE8-82F2-14DFD602DDAD}.Debug|Any CPU.Build.0 = Debug|Any CPU
		{0BBFA493-BF4F-4DE8-82F2-14DFD602DDAD}.Release|Any CPU.ActiveCfg = Release|Any CPU
		{0BBFA493-BF4F-4DE8-82F2-14DFD602DDAD}.Release|Any CPU.Build.0 = Release|Any CPU
	EndGlobalSection
	GlobalSection(SolutionProperties) = preSolution
		HideSolutionNode = FALSE
	EndGlobalSection
EndGlobal
